
Microsoft Visual Studio Solution File, Format Version 12.00
# Visual Studio Version 16
VisualStudioVersion = 16.0.31205.134
MinimumVisualStudioVersion = 10.0.40219.1
Project("{FAE04EC0-301F-11D3-BF4B-00C04F79EFBC}") = "NumberLineJumps", "NumberLineJumps\NumberLineJumps.csproj", "{CC8FB528-592D-4051-A22B-A34E7BAE53D9}"
EndProject
Global
	GlobalSection(SolutionConfigurationPlatforms) = preSolution
		Debug|Any CPU = Debug|Any CPU
		Release|Any CPU = Release|Any CPU
	EndGlobalSection
	GlobalSection(ProjectConfigurationPlatforms) = postSolution
		{CC8FB528-592D-4051-A22B-A34E7BAE53D9}.Debug|Any CPU.ActiveCfg = Debug|Any CPU
		{CC8FB528-592D-4051-A22B-A34E7BAE53D9}.Debug|Any CPU.Build.0 = Debug|Any CPU
		{CC8FB528-592D-4051-A22B-A34E7BAE53D9}.Release|Any CPU.ActiveCfg = Release|Any CPU
		{CC8FB528-592D-4051-A22B-A34E7BAE53D9}.Release|Any CPU.Build.0 = Release|Any CPU
	EndGlobalSection
	GlobalSection(SolutionProperties) = preSolution
		HideSolutionNode = FALSE
	EndGlobalSection
	GlobalSection(ExtensibilityGlobals) = postSolution
		SolutionGuid = {7178E3F5-6A5E-4ED4-99C9-0A4A5BF41BA8}
	EndGlobalSection
EndGlobal
