
Microsoft Visual Studio Solution File, Format Version 12.00
# Visual Studio Version 16
VisualStudioVersion = 16.0.31205.134
MinimumVisualStudioVersion = 10.0.40219.1
Project("{FAE04EC0-301F-11D3-BF4B-00C04F79EFBC}") = "AVeryBigSum", "AVeryBigSum\AVeryBigSum.csproj", "{ED6969BA-F325-4984-851A-EA0C0945B0F6}"
EndProject
Global
	GlobalSection(SolutionConfigurationPlatforms) = preSolution
		Debug|Any CPU = Debug|Any CPU
		Release|Any CPU = Release|Any CPU
	EndGlobalSection
	GlobalSection(ProjectConfigurationPlatforms) = postSolution
		{ED6969BA-F325-4984-851A-EA0C0945B0F6}.Debug|Any CPU.ActiveCfg = Debug|Any CPU
		{ED6969BA-F325-4984-851A-EA0C0945B0F6}.Debug|Any CPU.Build.0 = Debug|Any CPU
		{ED6969BA-F325-4984-851A-EA0C0945B0F6}.Release|Any CPU.ActiveCfg = Release|Any CPU
		{ED6969BA-F325-4984-851A-EA0C0945B0F6}.Release|Any CPU.Build.0 = Release|Any CPU
	EndGlobalSection
	GlobalSection(SolutionProperties) = preSolution
		HideSolutionNode = FALSE
	EndGlobalSection
	GlobalSection(ExtensibilityGlobals) = postSolution
		SolutionGuid = {2BE0F917-F387-4B50-A928-BEDB1B6B815E}
	EndGlobalSection
EndGlobal
